
Microsoft Visual Studio Solution File, Format Version 12.00
# Visual Studio Version 17
VisualStudioVersion = 17.13.35931.197 d17.13
MinimumVisualStudioVersion = 10.0.40219.1
Project("{FAE04EC0-301F-11D3-BF4B-00C04F79EFBC}") = "ConfigServiceAPI", "ConfigServiceAPI\ConfigServiceAPI.csproj", "{6E6E906C-9B86-403A-9B5D-1FE1B2589CF0}"
EndProject
Global
	GlobalSection(SolutionConfigurationPlatforms) = preSolution
		Debug|Any CPU = Debug|Any CPU
		Release|Any CPU = Release|Any CPU
	EndGlobalSection
	GlobalSection(ProjectConfigurationPlatforms) = postSolution
		{6E6E906C-9B86-403A-9B5D-1FE1B2589CF0}.Debug|Any CPU.ActiveCfg = Debug|Any CPU
		{6E6E906C-9B86-403A-9B5D-1FE1B2589CF0}.Debug|Any CPU.Build.0 = Debug|Any CPU
		{6E6E906C-9B86-403A-9B5D-1FE1B2589CF0}.Release|Any CPU.ActiveCfg = Release|Any CPU
		{6E6E906C-9B86-403A-9B5D-1FE1B2589CF0}.Release|Any CPU.Build.0 = Release|Any CPU
	EndGlobalSection
	GlobalSection(SolutionProperties) = preSolution
		HideSolutionNode = FALSE
	EndGlobalSection
	GlobalSection(ExtensibilityGlobals) = postSolution
		SolutionGuid = {399F0BAB-72E1-43ED-921A-920EEBFD0C8F}
	EndGlobalSection
EndGlobal
